
Microsoft Visual Studio Solution File, Format Version 12.00
# Visual Studio Version 16
VisualStudioVersion = 16.0.29806.167
MinimumVisualStudioVersion = 10.0.40219.1
Project("{FAE04EC0-301F-11D3-BF4B-00C04F79EFBC}") = "YoutubeDownloader", "YoutubeDownloader.csproj", "{CDD62EC5-9F19-4B89-BC30-23FC6EA81707}"
EndProject
Project("{930C7802-8A8C-48F9-8165-68863BCCD9DD}") = "YoutubeDownloaderSetup", "YoutubeDownloaderSetup\YoutubeDownloaderSetup.wixproj", "{5AD17196-207B-4403-81CD-8F95AA74A1E1}"
EndProject
Project("{930C7802-8A8C-48F9-8165-68863BCCD9DD}") = "YoutubeDownloaderInstaller", "YoutubeDownloaderInstaller\YoutubeDownloaderInstaller.wixproj", "{1EFE5CCB-F49F-41EB-9A2E-3700B8B27404}"
EndProject
Global
	GlobalSection(SolutionConfigurationPlatforms) = preSolution
		Debug|Any CPU = Debug|Any CPU
		Debug|x86 = Debug|x86
		Release|Any CPU = Release|Any CPU
		Release|x86 = Release|x86
	EndGlobalSection
	GlobalSection(ProjectConfigurationPlatforms) = postSolution
		{CDD62EC5-9F19-4B89-BC30-23FC6EA81707}.Debug|Any CPU.ActiveCfg = Debug|Any CPU
		{CDD62EC5-9F19-4B89-BC30-23FC6EA81707}.Debug|Any CPU.Build.0 = Debug|Any CPU
		{CDD62EC5-9F19-4B89-BC30-23FC6EA81707}.Debug|x86.ActiveCfg = Debug|Any CPU
		{CDD62EC5-9F19-4B89-BC30-23FC6EA81707}.Debug|x86.Build.0 = Debug|Any CPU
		{CDD62EC5-9F19-4B89-BC30-23FC6EA81707}.Release|Any CPU.ActiveCfg = Release|Any CPU
		{CDD62EC5-9F19-4B89-BC30-23FC6EA81707}.Release|Any CPU.Build.0 = Release|Any CPU
		{CDD62EC5-9F19-4B89-BC30-23FC6EA81707}.Release|x86.ActiveCfg = Release|Any CPU
		{CDD62EC5-9F19-4B89-BC30-23FC6EA81707}.Release|x86.Build.0 = Release|Any CPU
		{5AD17196-207B-4403-81CD-8F95AA74A1E1}.Debug|Any CPU.ActiveCfg = Debug|x86
		{5AD17196-207B-4403-81CD-8F95AA74A1E1}.Debug|Any CPU.Build.0 = Debug|x86
		{5AD17196-207B-4403-81CD-8F95AA74A1E1}.Debug|x86.ActiveCfg = Debug|x86
		{5AD17196-207B-4403-81CD-8F95AA74A1E1}.Debug|x86.Build.0 = Debug|x86
		{5AD17196-207B-4403-81CD-8F95AA74A1E1}.Release|Any CPU.ActiveCfg = Release|x86
		{5AD17196-207B-4403-81CD-8F95AA74A1E1}.Release|Any CPU.Build.0 = Release|x86
		{5AD17196-207B-4403-81CD-8F95AA74A1E1}.Release|x86.ActiveCfg = Release|x86
		{5AD17196-207B-4403-81CD-8F95AA74A1E1}.Release|x86.Build.0 = Release|x86
		{1EFE5CCB-F49F-41EB-9A2E-3700B8B27404}.Debug|Any CPU.ActiveCfg = Debug|x86
		{1EFE5CCB-F49F-41EB-9A2E-3700B8B27404}.Debug|Any CPU.Build.0 = Debug|x86
		{1EFE5CCB-F49F-41EB-9A2E-3700B8B27404}.Debug|x86.ActiveCfg = Debug|x86
		{1EFE5CCB-F49F-41EB-9A2E-3700B8B27404}.Debug|x86.Build.0 = Debug|x86
		{1EFE5CCB-F49F-41EB-9A2E-3700B8B27404}.Release|Any CPU.ActiveCfg = Release|x86
		{1EFE5CCB-F49F-41EB-9A2E-3700B8B27404}.Release|Any CPU.Build.0 = Release|x86
		{1EFE5CCB-F49F-41EB-9A2E-3700B8B27404}.Release|x86.ActiveCfg = Release|x86
		{1EFE5CCB-F49F-41EB-9A2E-3700B8B27404}.Release|x86.Build.0 = Release|x86
	EndGlobalSection
	GlobalSection(SolutionProperties) = preSolution
		HideSolutionNode = FALSE
	EndGlobalSection
	GlobalSection(ExtensibilityGlobals) = postSolution
		SolutionGuid = {39847721-6034-4FC2-94D6-C1ED541A7273}
	EndGlobalSection
EndGlobal
